
Microsoft Visual Studio Solution File, Format Version 12.00
# Visual Studio Version 16
VisualStudioVersion = 16.0.32228.343
MinimumVisualStudioVersion = 10.0.40219.1
Project("{FAE04EC0-301F-11D3-BF4B-00C04F79EFBC}") = "HW_Mvvm", "HW_Mvvm\HW_Mvvm.csproj", "{B80FFB19-9662-4610-934F-3601DFE0F188}"
EndProject
Global
	GlobalSection(SolutionConfigurationPlatforms) = preSolution
		Debug|Any CPU = Debug|Any CPU
		Release|Any CPU = Release|Any CPU
	EndGlobalSection
	GlobalSection(ProjectConfigurationPlatforms) = postSolution
		{B80FFB19-9662-4610-934F-3601DFE0F188}.Debug|Any CPU.ActiveCfg = Debug|Any CPU
		{B80FFB19-9662-4610-934F-3601DFE0F188}.Debug|Any CPU.Build.0 = Debug|Any CPU
		{B80FFB19-9662-4610-934F-3601DFE0F188}.Release|Any CPU.ActiveCfg = Release|Any CPU
		{B80FFB19-9662-4610-934F-3601DFE0F188}.Release|Any CPU.Build.0 = Release|Any CPU
	EndGlobalSection
	GlobalSection(SolutionProperties) = preSolution
		HideSolutionNode = FALSE
	EndGlobalSection
	GlobalSection(ExtensibilityGlobals) = postSolution
		SolutionGuid = {88DD84C9-F2DE-41DD-8410-20D699C32672}
	EndGlobalSection
EndGlobal
